{
  "originHash" : "260fa47a9bc5193238700345085cd765298e8415369f7e9f3c488b87f2dff4d4",
  "pins" : [
    {
      "identity" : "ada-sdk-ios-spm",
      "kind" : "remoteSourceControl",
      "location" : "https://github.com/Aniview/ada-sdk-ios-spm",
      "state" : {
        "revision" : "0acd5e5b500cb9e0dcf0336f569b80c996b69f3a",
        "version" : "0.0.6"
      }
    },
    {
      "identity" : "swift-package-manager-google-mobile-ads",
      "kind" : "remoteSourceControl",
      "location" : "https://github.com/googleads/swift-package-manager-google-mobile-ads.git",
      "state" : {
        "revision" : "7778cc1ab037c10dbbe026959e51e616bd961be9",
        "version" : "11.13.0"
      }
    },
    {
      "identity" : "swift-package-manager-google-user-messaging-platform",
      "kind" : "remoteSourceControl",
      "location" : "https://github.com/googleads/swift-package-manager-google-user-messaging-platform.git",
      "state" : {
        "revision" : "708a282840c2171ee63bd93b87afa49fe507d70e",
        "version" : "2.7.0"
      }
    }
  ],
  "version" : 3
}
